{
  "name": "web-compressor",
  "lockfileVersion": 3,
  "requires": true,
  "packages": {
    "": {
      "dependencies": {
        "@ffmpeg/core-st": "^0.11.1"
      }
    },
    "node_modules/@ffmpeg/core-st": {
      "version": "0.11.1",
      "resolved": "https://registry.npmjs.org/@ffmpeg/core-st/-/core-st-0.11.1.tgz",
      "integrity": "sha512-8R0kdXjQjjOgVaChDMUx/abrTD5/g9JFnuZLqB+lvzJbfNpNEFEZPxFR1Fu4eoON+fVq3K3URVKZcHEEGKZVTQ==",
      "license": "MIT"
    }
  }
}
